
Microsoft Visual Studio Solution File, Format Version 12.00
# Visual Studio Version 17
VisualStudioVersion = 17.6.33723.286
MinimumVisualStudioVersion = 10.0.40219.1
Project("{9A19103F-16F7-4668-BE54-9A1E7A4F7556}") = "Designo", "Designo\Designo.csproj", "{F232E1D4-5376-44BF-BAFD-7D34C43DADC0}"
EndProject
Global
	GlobalSection(SolutionConfigurationPlatforms) = preSolution
		Debug|Any CPU = Debug|Any CPU
		Release|Any CPU = Release|Any CPU
	EndGlobalSection
	GlobalSection(ProjectConfigurationPlatforms) = postSolution
		{F232E1D4-5376-44BF-BAFD-7D34C43DADC0}.Debug|Any CPU.ActiveCfg = Debug|Any CPU
		{F232E1D4-5376-44BF-BAFD-7D34C43DADC0}.Debug|Any CPU.Build.0 = Debug|Any CPU
		{F232E1D4-5376-44BF-BAFD-7D34C43DADC0}.Release|Any CPU.ActiveCfg = Release|Any CPU
		{F232E1D4-5376-44BF-BAFD-7D34C43DADC0}.Release|Any CPU.Build.0 = Release|Any CPU
	EndGlobalSection
	GlobalSection(SolutionProperties) = preSolution
		HideSolutionNode = FALSE
	EndGlobalSection
	GlobalSection(ExtensibilityGlobals) = postSolution
		SolutionGuid = {AFE80FD1-6D21-4475-A1EF-86AC0EF973E9}
	EndGlobalSection
EndGlobal
